PODS:
  - cocoCode (0.1.0)
  - Masonry (1.1.0)

DEPENDENCIES:
  - cocoCode (from `../`)
  - Masonry

SPEC REPOS:
  trunk:
    - Masonry

EXTERNAL SOURCES:
  cocoCode:
    :path: "../"

SPEC CHECKSUMS:
  cocoCode: e2e8c30080f7127ed9f09eb0736bddc6fca83f6e
  Masonry: 678fab65091a9290e40e2832a55e7ab731aad201

PODFILE CHECKSUM: 586bd50fdb7cb37f217eea92f8f8de7968247089

COCOAPODS: 1.8.4
